Microsoft Visual Studio Solution File, Format Version 12.00
# Visual Studio Version 17
VisualStudioVersion = 17.5.2.0
MinimumVisualStudioVersion = 10.0.40219.1
Project("{FAE04EC0-301F-11D3-BF4B-00C04F79EFBC}") = "Lib.Models.TinyTransformer", "Lib.Models.TinyTransformer.csproj", "{50F8B2B8-460D-8C83-C45A-54A7C27FE213}"
EndProject
Global
	GlobalSection(SolutionConfigurationPlatforms) = preSolution
		Debug|Any CPU = Debug|Any CPU
		Release|Any CPU = Release|Any CPU
	EndGlobalSection
	GlobalSection(ProjectConfigurationPlatforms) = postSolution
		{50F8B2B8-460D-8C83-C45A-54A7C27FE213}.Debug|Any CPU.ActiveCfg = Debug|Any CPU
		{50F8B2B8-460D-8C83-C45A-54A7C27FE213}.Debug|Any CPU.Build.0 = Debug|Any CPU
		{50F8B2B8-460D-8C83-C45A-54A7C27FE213}.Release|Any CPU.ActiveCfg = Release|Any CPU
		{50F8B2B8-460D-8C83-C45A-54A7C27FE213}.Release|Any CPU.Build.0 = Release|Any CPU
	EndGlobalSection
	GlobalSection(SolutionProperties) = preSolution
		HideSolutionNode = FALSE
	EndGlobalSection
	GlobalSection(ExtensibilityGlobals) = postSolution
		SolutionGuid = {432305E8-2176-4618-8E53-64873ED9DE5F}
	EndGlobalSection
EndGlobal
