
Microsoft Visual Studio Solution File, Format Version 12.00
# Visual Studio Version 17
VisualStudioVersion = 17.0.31903.59
MinimumVisualStudioVersion = 10.0.40219.1
Project("{2150E333-8FDC-42A3-9474-1A3956D46DE8}") = "src", "src", "{5CE5DCBF-28CB-409B-9AB9-7426FDFDB00A}"
EndProject
Project("{FAE04EC0-301F-11D3-BF4B-00C04F79EFBC}") = "Lib.MathCore", "src\Lib.MathCore\Lib.MathCore.csproj", "{1FBA5FCF-F8C7-4C31-AA79-0FD25B4120DF}"
EndProject
Project("{2150E333-8FDC-42A3-9474-1A3956D46DE8}") = "tests", "tests", "{B2E6DAF0-3689-4E0B-B4E3-AE73675D70AB}"
EndProject
Project("{FAE04EC0-301F-11D3-BF4B-00C04F79EFBC}") = "Lib.MathCore.Tests", "tests\Lib.MathCore.Tests\Lib.MathCore.Tests.csproj", "{23BBD5A8-A52F-4E86-AFE8-2F0B85072BE4}"
EndProject
Global
	GlobalSection(SolutionConfigurationPlatforms) = preSolution
		Debug|Any CPU = Debug|Any CPU
		Release|Any CPU = Release|Any CPU
	EndGlobalSection
	GlobalSection(SolutionProperties) = preSolution
		HideSolutionNode = FALSE
	EndGlobalSection
	GlobalSection(ProjectConfigurationPlatforms) = postSolution
		{1FBA5FCF-F8C7-4C31-AA79-0FD25B4120DF}.Debug|Any CPU.ActiveCfg = Debug|Any CPU
		{1FBA5FCF-F8C7-4C31-AA79-0FD25B4120DF}.Debug|Any CPU.Build.0 = Debug|Any CPU
		{1FBA5FCF-F8C7-4C31-AA79-0FD25B4120DF}.Release|Any CPU.ActiveCfg = Release|Any CPU
		{1FBA5FCF-F8C7-4C31-AA79-0FD25B4120DF}.Release|Any CPU.Build.0 = Release|Any CPU
		{23BBD5A8-A52F-4E86-AFE8-2F0B85072BE4}.Debug|Any CPU.ActiveCfg = Debug|Any CPU
		{23BBD5A8-A52F-4E86-AFE8-2F0B85072BE4}.Debug|Any CPU.Build.0 = Debug|Any CPU
		{23BBD5A8-A52F-4E86-AFE8-2F0B85072BE4}.Release|Any CPU.ActiveCfg = Release|Any CPU
		{23BBD5A8-A52F-4E86-AFE8-2F0B85072BE4}.Release|Any CPU.Build.0 = Release|Any CPU
	EndGlobalSection
	GlobalSection(NestedProjects) = preSolution
		{1FBA5FCF-F8C7-4C31-AA79-0FD25B4120DF} = {5CE5DCBF-28CB-409B-9AB9-7426FDFDB00A}
		{23BBD5A8-A52F-4E86-AFE8-2F0B85072BE4} = {B2E6DAF0-3689-4E0B-B4E3-AE73675D70AB}
	EndGlobalSection
EndGlobal
